// !$*UTF8*$!
{
	archiveVersion = 1;
	classes = {
	};
	objectVersion = 56;
	objects = {

/* Begin PBXBuildFile section */
		229717432BCE2F0C00BBC9F1 /* AppDelegate.swift in Sources */ = {isa = PBXBuildFile; fileRef = 229717422BCE2F0C00BBC9F1 /* AppDelegate.swift */; };
		229717452BCE2F0C00BBC9F1 /* SceneDelegate.swift in Sources */ = {isa = PBXBuildFile; fileRef = 229717442BCE2F0C00BBC9F1 /* SceneDelegate.swift */; };
		229717472BCE2F0C00BBC9F1 /* ViewController.swift in Sources */ = {isa = PBXBuildFile; fileRef = 229717462BCE2F0C00BBC9F1 /* ViewController.swift */; };
		2297174A2BCE2F0C00BBC9F1 /* Main.storyboard in Resources */ = {isa = PBXBuildFile; fileRef = 229717482BCE2F0C00BBC9F1 /* Main.storyboard */; };
		2297174D2BCE2F0C00BBC9F1 /* IOSAssignment.xcdatamodeld in Sources */ = {isa = PBXBuildFile; fileRef = 2297174B2BCE2F0C00BBC9F1 /* IOSAssignment.xcdatamodeld */; };
		2297174F2BCE2F0D00BBC9F1 /* Assets.xcassets in Resources */ = {isa = PBXBuildFile; fileRef = 2297174E2BCE2F0D00BBC9F1 /* Assets.xcassets */; };
		229717522BCE2F0D00BBC9F1 /* LaunchScreen.storyboard in Resources */ = {isa = PBXBuildFile; fileRef = 229717502BCE2F0D00BBC9F1 /* LaunchScreen.storyboard */; };
		2297175D2BCE2F0D00BBC9F1 /* IOSAssignmentTests.swift in Sources */ = {isa = PBXBuildFile; fileRef = 2297175C2BCE2F0D00BBC9F1 /* IOSAssignmentTests.swift */; };
		229717672BCE2F0D00BBC9F1 /* IOSAssignmentUITests.swift in Sources */ = {isa = PBXBuildFile; fileRef = 229717662BCE2F0D00BBC9F1 /* IOSAssignmentUITests.swift */; };
		229717692BCE2F0D00BBC9F1 /* IOSAssignmentUITestsLaunchTests.swift in Sources */ = {isa = PBXBuildFile; fileRef = 229717682BCE2F0D00BBC9F1 /* IOSAssignmentUITestsLaunchTests.swift */; };
		229717762BCEB2A100BBC9F1 /* CollectionViewCell.swift in Sources */ = {isa = PBXBuildFile; fileRef = 229717752BCEB2A100BBC9F1 /* CollectionViewCell.swift */; };
		22BD3FC22BD6ABD900924405 /* Extension + UIImageView.swift in Sources */ = {isa = PBXBuildFile; fileRef = 22BD3FC12BD6ABD900924405 /* Extension + UIImageView.swift */; };
		22BD3FC42BD6AC2800924405 /* Model.swift in Sources */ = {isa = PBXBuildFile; fileRef = 22BD3FC32BD6AC2800924405 /* Model.swift */; };
/* End PBXBuildFile section */

/* Begin PBXContainerItemProxy section */
		229717592BCE2F0D00BBC9F1 /* PBXContainerItemProxy */ = {
			isa = PBXContainerItemProxy;
			containerPortal = 229717372BCE2F0C00BBC9F1 /* Project object */;
			proxyType = 1;
			remoteGlobalIDString = 2297173E2BCE2F0C00BBC9F1;
			remoteInfo = IOSAssignment;
		};
		229717632BCE2F0D00BBC9F1 /* PBXContainerItemProxy */ = {
			isa = PBXContainerItemProxy;
			containerPortal = 229717372BCE2F0C00BBC9F1 /* Project object */;
			proxyType = 1;
			remoteGlobalIDString = 2297173E2BCE2F0C00BBC9F1;
			remoteInfo = IOSAssignment;
		};
/* End PBXContainerItemProxy section */

/* Begin PBXFileReference section */
		2297173F2BCE2F0C00BBC9F1 /* IOSAssignment.app */ = {isa = PBXFileReference; explicitFileType = wrapper.application; includeInIndex = 0; path = IOSAssignment.app; sourceTree = BUILT_PRODUCTS_DIR; };
		229717422BCE2F0C00BBC9F1 /* AppDelegate.swift */ = {isa = PBXFileReference; lastKnownFileType = sourcecode.swift; path = AppDelegate.swift; sourceTree = "<group>"; };
		229717442BCE2F0C00BBC9F1 /* SceneDelegate.swift */ = {isa = PBXFileReference; lastKnownFileType = sourcecode.swift; path = SceneDelegate.swift; sourceTree = "<group>"; };
		229717462BCE2F0C00BBC9F1 /* ViewController.swift */ = {isa = PBXFileReference; lastKnownFileType = sourcecode.swift; path = ViewController.swift; sourceTree = "<group>"; };
		229717492BCE2F0C00BBC9F1 /* Base */ = {isa = PBXFileReference; lastKnownFileType = file.storyboard; name = Base; path = Base.lproj/Main.storyboard; sourceTree = "<group>"; };
		2297174C2BCE2F0C00BBC9F1 /* IOSAssignment.xcdatamodel */ = {isa = PBXFileReference; lastKnownFileType = wrapper.xcdatamodel; path = IOSAssignment.xcdatamodel; sourceTree = "<group>"; };
		2297174E2BCE2F0D00BBC9F1 /* Assets.xcassets */ = {isa = PBXFileReference; lastKnownFileType = folder.assetcatalog; path = Assets.xcassets; sourceTree = "<group>"; };
		229717512BCE2F0D00BBC9F1 /* Base */ = {isa = PBXFileReference; lastKnownFileType = file.storyboard; name = Base; path = Base.lproj/LaunchScreen.storyboard; sourceTree = "<group>"; };
		229717532BCE2F0D00BBC9F1 /* Info.plist */ = {isa = PBXFileReference; lastKnownFileType = text.plist.xml; path = Info.plist; sourceTree = "<group>"; };
		229717582BCE2F0D00BBC9F1 /* IOSAssignmentTests.xctest */ = {isa = PBXFileReference; explicitFileType = wrapper.cfbundle; includeInIndex = 0; path = IOSAssignmentTests.xctest; sourceTree = BUILT_PRODUCTS_DIR; };
		2297175C2BCE2F0D00BBC9F1 /* IOSAssignmentTests.swift */ = {isa = PBXFileReference; lastKnownFileType = sourcecode.swift; path = IOSAssignmentTests.swift; sourceTree = "<group>"; };
		229717622BCE2F0D00BBC9F1 /* IOSAssignmentUITests.xctest */ = {isa = PBXFileReference; explicitFileType = wrapper.cfbundle; includeInIndex = 0; path = IOSAssignmentUITests.xctest; sourceTree = BUILT_PRODUCTS_DIR; };
		229717662BCE2F0D00BBC9F1 /* IOSAssignmentUITests.swift */ = {isa = PBXFileReference; lastKnownFileType = sourcecode.swift; path = IOSAssignmentUITests.swift; sourceTree = "<group>"; };
		229717682BCE2F0D00BBC9F1 /* IOSAssignmentUITestsLaunchTests.swift */ = {isa = PBXFileReference; lastKnownFileType = sourcecode.swift; path = IOSAssignmentUITestsLaunchTests.swift; sourceTree = "<group>"; };
		229717752BCEB2A100BBC9F1 /* CollectionViewCell.swift */ = {isa = PBXFileReference; lastKnownFileType = sourcecode.swift; path = CollectionViewCell.swift; sourceTree = "<group>"; };
		22BD3FC12BD6ABD900924405 /* Extension + UIImageView.swift */ = {isa = PBXFileReference; lastKnownFileType = sourcecode.swift; path = "Extension + UIImageView.swift"; sourceTree = "<group>"; };
		22BD3FC32BD6AC2800924405 /* Model.swift */ = {isa = PBXFileReference; lastKnownFileType = sourcecode.swift; path = Model.swift; sourceTree = "<group>"; };
/* End PBXFileReference section */

/* Begin PBXFrameworksBuildPhase section */
		2297173C2BCE2F0C00BBC9F1 /* Frameworks */ = {
			isa = PBXFrameworksBuildPhase;
			buildActionMask = 2147483647;
			files = (
			);
			runOnlyForDeploymentPostprocessing = 0;
		};
		229717552BCE2F0D00BBC9F1 /* Frameworks */ = {
			isa = PBXFrameworksBuildPhase;
			buildActionMask = 2147483647;
			files = (
			);
			runOnlyForDeploymentPostprocessing = 0;
		};
		2297175F2BCE2F0D00BBC9F1 /* Frameworks */ = {
			isa = PBXFrameworksBuildPhase;
			buildActionMask = 2147483647;
			files = (
			);
			runOnlyForDeploymentPostprocessing = 0;
		};
/* End PBXFrameworksBuildPhase section */

/* Begin PBXGroup section */
		229717362BCE2F0C00BBC9F1 = {
			isa = PBXGroup;
			children = (
				229717412BCE2F0C00BBC9F1 /* IOSAssignment */,
				2297175B2BCE2F0D00BBC9F1 /* IOSAssignmentTests */,
				229717652BCE2F0D00BBC9F1 /* IOSAssignmentUITests */,
				229717402BCE2F0C00BBC9F1 /* Products */,
			);
			sourceTree = "<group>";
		};
		229717402BCE2F0C00BBC9F1 /* Products */ = {
			isa = PBXGroup;
			children = (
				2297173F2BCE2F0C00BBC9F1 /* IOSAssignment.app */,
				229717582BCE2F0D00BBC9F1 /* IOSAssignmentTests.xctest */,
				229717622BCE2F0D00BBC9F1 /* IOSAssignmentUITests.xctest */,
			);
			name = Products;
			sourceTree = "<group>";
		};
		229717412BCE2F0C00BBC9F1 /* IOSAssignment */ = {
			isa = PBXGroup;
			children = (
				229717422BCE2F0C00BBC9F1 /* AppDelegate.swift */,
				229717442BCE2F0C00BBC9F1 /* SceneDelegate.swift */,
				229717462BCE2F0C00BBC9F1 /* ViewController.swift */,
				229717752BCEB2A100BBC9F1 /* CollectionViewCell.swift */,
				22BD3FC12BD6ABD900924405 /* Extension + UIImageView.swift */,
				22BD3FC32BD6AC2800924405 /* Model.swift */,
				229717482BCE2F0C00BBC9F1 /* Main.storyboard */,
				2297174E2BCE2F0D00BBC9F1 /* Assets.xcassets */,
				229717502BCE2F0D00BBC9F1 /* LaunchScreen.storyboard */,
				229717532BCE2F0D00BBC9F1 /* Info.plist */,
				2297174B2BCE2F0C00BBC9F1 /* IOSAssignment.xcdatamodeld */,
			);
			path = IOSAssignment;
			sourceTree = "<group>";
		};
		2297175B2BCE2F0D00BBC9F1 /* IOSAssignmentTests */ = {
			isa = PBXGroup;
			children = (
				2297175C2BCE2F0D00BBC9F1 /* IOSAssignmentTests.swift */,
			);
			path = IOSAssignmentTests;
			sourceTree = "<group>";
		};
		229717652BCE2F0D00BBC9F1 /* IOSAssignmentUITests */ = {
			isa = PBXGroup;
			children = (
				229717662BCE2F0D00BBC9F1 /* IOSAssignmentUITests.swift */,
				229717682BCE2F0D00BBC9F1 /* IOSAssignmentUITestsLaunchTests.swift */,
			);
			path = IOSAssignmentUITests;
			sourceTree = "<group>";
		};
/* End PBXGroup section */

/* Begin PBXNativeTarget section */
		2297173E2BCE2F0C00BBC9F1 /* IOSAssignment */ = {
			isa = PBXNativeTarget;
			buildConfigurationList = 2297176C2BCE2F0D00BBC9F1 /* Build configuration list for PBXNativeTarget "IOSAssignment" */;
			buildPhases = (
				2297173B2BCE2F0C00BBC9F1 /* Sources */,
				2297173C2BCE2F0C00BBC9F1 /* Frameworks */,
				2297173D2BCE2F0C00BBC9F1 /* Resources */,
			);
			buildRules = (
			);
			dependencies = (
			);
			name = IOSAssignment;
			productName = IOSAssignment;
			productReference = 2297173F2BCE2F0C00BBC9F1 /* IOSAssignment.app */;
			productType = "com.apple.product-type.application";
		};
		229717572BCE2F0D00BBC9F1 /* IOSAssignmentTests */ = {
			isa = PBXNativeTarget;
			buildConfigurationList = 2297176F2BCE2F0D00BBC9F1 /* Build configuration list for PBXNativeTarget "IOSAssignmentTests" */;
			buildPhases = (
				229717542BCE2F0D00BBC9F1 /* Sources */,
				229717552BCE2F0D00BBC9F1 /* Frameworks */,
				229717562BCE2F0D00BBC9F1 /* Resources */,
			);
			buildRules = (
			);
			dependencies = (
				2297175A2BCE2F0D00BBC9F1 /* PBXTargetDependency */,
			);
			name = IOSAssignmentTests;
			productName = IOSAssignmentTests;
			productReference = 229717582BCE2F0D00BBC9F1 /* IOSAssignmentTests.xctest */;
			productType = "com.apple.product-type.bundle.unit-test";
		};
		229717612BCE2F0D00BBC9F1 /* IOSAssignmentUITests */ = {
			isa = PBXNativeTarget;
			buildConfigurationList = 229717722BCE2F0D00BBC9F1 /* Build configuration list for PBXNativeTarget "IOSAssignmentUITests" */;
			buildPhases = (
				2297175E2BCE2F0D00BBC9F1 /* Sources */,
				2297175F2BCE2F0D00BBC9F1 /* Frameworks */,
				229717602BCE2F0D00BBC9F1 /* Resources */,
			);
			buildRules = (
			);
			dependencies = (
				229717642BCE2F0D00BBC9F1 /* PBXTargetDependency */,
			);
			name = IOSAssignmentUITests;
			productName = IOSAssignmentUITests;
			productReference = 229717622BCE2F0D00BBC9F1 /* IOSAssignmentUITests.xctest */;
			productType = "com.apple.product-type.bundle.ui-testing";
		};
/* End PBXNativeTarget section */

/* Begin PBXProject section */
		229717372BCE2F0C00BBC9F1 /* Project object */ = {
			isa = PBXProject;
			attributes = {
				BuildIndependentTargetsInParallel = 1;
				LastSwiftUpdateCheck = 1500;
				LastUpgradeCheck = 1500;
				TargetAttributes = {
					2297173E2BCE2F0C00BBC9F1 = {
						CreatedOnToolsVersion = 15.0;
					};
					229717572BCE2F0D00BBC9F1 = {
						CreatedOnToolsVersion = 15.0;
						TestTargetID = 2297173E2BCE2F0C00BBC9F1;
					};
					229717612BCE2F0D00BBC9F1 = {
						CreatedOnToolsVersion = 15.0;
						TestTargetID = 2297173E2BCE2F0C00BBC9F1;
					};
				};
			};
			buildConfigurationList = 2297173A2BCE2F0C00BBC9F1 /* Build configuration list for PBXProject "IOSAssignment" */;
			compatibilityVersion = "Xcode 14.0";
			developmentRegion = en;
			hasScannedForEncodings = 0;
			knownRegions = (
				en,
				Base,
			);
			mainGroup = 229717362BCE2F0C00BBC9F1;
			productRefGroup = 229717402BCE2F0C00BBC9F1 /* Products */;
			projectDirPath = "";
			projectRoot = "";
			targets = (
				2297173E2BCE2F0C00BBC9F1 /* IOSAssignment */,
				229717572BCE2F0D00BBC9F1 /* IOSAssignmentTests */,
				229717612BCE2F0D00BBC9F1 /* IOSAssignmentUITests */,
			);
		};
/* End PBXProject section */

/* Begin PBXResourcesBuildPhase section */
		2297173D2BCE2F0C00BBC9F1 /* Resources */ = {
			isa = PBXResourcesBuildPhase;
			buildActionMask = 2147483647;
			files = (
				229717522BCE2F0D00BBC9F1 /* LaunchScreen.storyboard in Resources */,
				2297174F2BCE2F0D00BBC9F1 /* Assets.xcassets in Resources */,
				2297174A2BCE2F0C00BBC9F1 /* Main.storyboard in Resources */,
			);
			runOnlyForDeploymentPostprocessing = 0;
		};
		229717562BCE2F0D00BBC9F1 /* Resources */ = {
			isa = PBXResourcesBuildPhase;
			buildActionMask = 2147483647;
			files = (
			);
			runOnlyForDeploymentPostprocessing = 0;
		};
		229717602BCE2F0D00BBC9F1 /* Resources */ = {
			isa = PBXResourcesBuildPhase;
			buildActionMask = 2147483647;
			files = (
			);
			runOnlyForDeploymentPostprocessing = 0;
		};
/* End PBXResourcesBuildPhase section */

/* Begin PBXSourcesBuildPhase section */
		2297173B2BCE2F0C00BBC9F1 /* Sources */ = {
			isa = PBXSourcesBuildPhase;
			buildActionMask = 2147483647;
			files = (
				229717472BCE2F0C00BBC9F1 /* ViewController.swift in Sources */,
				22BD3FC22BD6ABD900924405 /* Extension + UIImageView.swift in Sources */,
				22BD3FC42BD6AC2800924405 /* Model.swift in Sources */,
				229717432BCE2F0C00BBC9F1 /* AppDelegate.swift in Sources */,
				2297174D2BCE2F0C00BBC9F1 /* IOSAssignment.xcdatamodeld in Sources */,
				229717452BCE2F0C00BBC9F1 /* SceneDelegate.swift in Sources */,
				229717762BCEB2A100BBC9F1 /* CollectionViewCell.swift in Sources */,
			);
			runOnlyForDeploymentPostprocessing = 0;
		};
		229717542BCE2F0D00BBC9F1 /* Sources */ = {
			isa = PBXSourcesBuildPhase;
			buildActionMask = 2147483647;
			files = (
				2297175D2BCE2F0D00BBC9F1 /* IOSAssignmentTests.swift in Sources */,
			);
			runOnlyForDeploymentPostprocessing = 0;
		};
		2297175E2BCE2F0D00BBC9F1 /* Sources */ = {
			isa = PBXSourcesBuildPhase;
			buildActionMask = 2147483647;
			files = (
				229717672BCE2F0D00BBC9F1 /* IOSAssignmentUITests.swift in Sources */,
				229717692BCE2F0D00BBC9F1 /* IOSAssignmentUITestsLaunchTests.swift in Sources */,
			);
			runOnlyForDeploymentPostprocessing = 0;
		};
/* End PBXSourcesBuildPhase section */

/* Begin PBXTargetDependency section */
		2297175A2BCE2F0D00BBC9F1 /* PBXTargetDependency */ = {
			isa = PBXTargetDependency;
			target = 2297173E2BCE2F0C00BBC9F1 /* IOSAssignment */;
			targetProxy = 229717592BCE2F0D00BBC9F1 /* PBXContainerItemProxy */;
		};
		229717642BCE2F0D00BBC9F1 /* PBXTargetDependency */ = {
			isa = PBXTargetDependency;
			target = 2297173E2BCE2F0C00BBC9F1 /* IOSAssignment */;
			targetProxy = 229717632BCE2F0D00BBC9F1 /* PBXContainerItemProxy */;
		};
/* End PBXTargetDependency section */

/* Begin PBXVariantGroup section */
		229717482BCE2F0C00BBC9F1 /* Main.storyboard */ = {
			isa = PBXVariantGroup;
			children = (
				229717492BCE2F0C00BBC9F1 /* Base */,
			);
			name = Main.storyboard;
			sourceTree = "<group>";
		};
		229717502BCE2F0D00BBC9F1 /* LaunchScreen.storyboard */ = {
			isa = PBXVariantGroup;
			children = (
				229717512BCE2F0D00BBC9F1 /* Base */,
			);
			name = LaunchScreen.storyboard;
			sourceTree = "<group>";
		};
/* End PBXVariantGroup section */

/* Begin XCBuildConfiguration section */
		2297176A2BCE2F0D00BBC9F1 /* Debug */ = {
			isa = XCBuildConfiguration;
			buildSettings = {
				ALWAYS_SEARCH_USER_PATHS = NO;
				ASSETCATALOG_COMPILER_GENERATE_SWIFT_ASSET_SYMBOL_EXTENSIONS = YES;
				CLANG_ANALYZER_NONNULL = YES;
				CLANG_ANALYZER_NUMBER_OBJECT_CONVERSION = YES_AGGRESSIVE;
				CLANG_CXX_LANGUAGE_STANDARD = "gnu++20";
				CLANG_ENABLE_MODULES = YES;
				CLANG_ENABLE_OBJC_ARC = YES;
				CLANG_ENABLE_OBJC_WEAK = YES;
				CLANG_WARN_BLOCK_CAPTURE_AUTORELEASING = YES;
				CLANG_WARN_BOOL_CONVERSION = YES;
				CLANG_WARN_COMMA = YES;
				CLANG_WARN_CONSTANT_CONVERSION = YES;
				CLANG_WARN_DEPRECATED_OBJC_IMPLEMENTATIONS = YES;
				CLANG_WARN_DIRECT_OBJC_ISA_USAGE = YES_ERROR;
				CLANG_WARN_DOCUMENTATION_COMMENTS = YES;
				CLANG_WARN_EMPTY_BODY = YES;
				CLANG_WARN_ENUM_CONVERSION = YES;
				CLANG_WARN_INFINITE_RECURSION = YES;
				CLANG_WARN_INT_CONVERSION = YES;
				CLANG_WARN_NON_LITERAL_NULL_CONVERSION = YES;
				CLANG_WARN_OBJC_IMPLICIT_RETAIN_SELF = YES;
				CLANG_WARN_OBJC_LITERAL_CONVERSION = YES;
				CLANG_WARN_OBJC_ROOT_CLASS = YES_ERROR;
				CLANG_WARN_QUOTED_INCLUDE_IN_FRAMEWORK_HEADER = YES;
				CLANG_WARN_RANGE_LOOP_ANALYSIS = YES;
				CLANG_WARN_STRICT_PROTOTYPES = YES;
				CLANG_WARN_SUSPICIOUS_MOVE = YES;
				CLANG_WARN_UNGUARDED_AVAILABILITY = YES_AGGRESSIVE;
				CLANG_WARN_UNREACHABLE_CODE = YES;
				CLANG_WARN__DUPLICATE_METHOD_MATCH = YES;
				COPY_PHASE_STRIP = NO;
				DEBUG_INFORMATION_FORMAT = dwarf;
				ENABLE_STRICT_OBJC_MSGSEND = YES;
				ENABLE_TESTABILITY = YES;
				ENABLE_USER_SCRIPT_SANDBOXING = YES;
				GCC_C_LANGUAGE_STANDARD = gnu17;
				GCC_DYNAMIC_NO_PIC = NO;
				GCC_NO_COMMON_BLOCKS = YES;
				GCC_OPTIMIZATION_LEVEL = 0;
				GCC_PREPROCESSOR_DEFINITIONS = (
					"DEBUG=1",
					"$(inherited)",
				);
				GCC_WARN_64_TO_32_BIT_CONVERSION = YES;
				GCC_WARN_ABOUT_RETURN_TYPE = YES_ERROR;
				GCC_WARN_UNDECLARED_SELECTOR = YES;
				GCC_WARN_UNINITIALIZED_AUTOS = YES_AGGRESSIVE;
				GCC_WARN_UNUSED_FUNCTION = YES;
				GCC_WARN_UNUSED_VARIABLE = YES;
				IPHONEOS_DEPLOYMENT_TARGET = 17.0;
				LOCALIZATION_PREFERS_STRING_CATALOGS = YES;
				MTL_ENABLE_DEBUG_INFO = INCLUDE_SOURCE;
				MTL_FAST_MATH = YES;
				ONLY_ACTIVE_ARCH = YES;
				SDKROOT = iphoneos;
				SWIFT_ACTIVE_COMPILATION_CONDITIONS = "DEBUG $(inherited)";
				SWIFT_OPTIMIZATION_LEVEL = "-Onone";
			};
			name = Debug;
		};
		2297176B2BCE2F0D00BBC9F1 /* Release */ = {
			isa = XCBuildConfiguration;
			buildSettings = {
				ALWAYS_SEARCH_USER_PATHS = NO;
				ASSETCATALOG_COMPILER_GENERATE_SWIFT_ASSET_SYMBOL_EXTENSIONS = YES;
				CLANG_ANALYZER_NONNULL = YES;
				CLANG_ANALYZER_NUMBER_OBJECT_CONVERSION = YES_AGGRESSIVE;
				CLANG_CXX_LANGUAGE_STANDARD = "gnu++20";
				CLANG_ENABLE_MODULES = YES;
				CLANG_ENABLE_OBJC_ARC = YES;
				CLANG_ENABLE_OBJC_WEAK = YES;
				CLANG_WARN_BLOCK_CAPTURE_AUTORELEASING = YES;
				CLANG_WARN_BOOL_CONVERSION = YES;
				CLANG_WARN_COMMA = YES;
				CLANG_WARN_CONSTANT_CONVERSION = YES;
				CLANG_WARN_DEPRECATED_OBJC_IMPLEMENTATIONS = YES;
				CLANG_WARN_DIRECT_OBJC_ISA_USAGE = YES_ERROR;
				CLANG_WARN_DOCUMENTATION_COMMENTS = YES;
				CLANG_WARN_EMPTY_BODY = YES;
				CLANG_WARN_ENUM_CONVERSION = YES;
				CLANG_WARN_INFINITE_RECURSION = YES;
				CLANG_WARN_INT_CONVERSION = YES;
				CLANG_WARN_NON_LITERAL_NULL_CONVERSION = YES;
				CLANG_WARN_OBJC_IMPLICIT_RETAIN_SELF = YES;
				CLANG_WARN_OBJC_LITERAL_CONVERSION = YES;
				CLANG_WARN_OBJC_ROOT_CLASS = YES_ERROR;
				CLANG_WARN_QUOTED_INCLUDE_IN_FRAMEWORK_HEADER = YES;
				CLANG_WARN_RANGE_LOOP_ANALYSIS = YES;
				CLANG_WARN_STRICT_PROTOTYPES = YES;
				CLANG_WARN_SUSPICIOUS_MOVE = YES;
				CLANG_WARN_UNGUARDED_AVAILABILITY = YES_AGGRESSIVE;
				CLANG_WARN_UNREACHABLE_CODE = YES;
				CLANG_WARN__DUPLICATE_METHOD_MATCH = YES;
				COPY_PHASE_STRIP = NO;
				DEBUG_INFORMATION_FORMAT = "dwarf-with-dsym";
				ENABLE_NS_ASSERTIONS = NO;
				ENABLE_STRICT_OBJC_MSGSEND = YES;
				ENABLE_USER_SCRIPT_SANDBOXING = YES;
				GCC_C_LANGUAGE_STANDARD = gnu17;
				GCC_NO_COMMON_BLOCKS = YES;
				GCC_WARN_64_TO_32_BIT_CONVERSION = YES;
				GCC_WARN_ABOUT_RETURN_TYPE = YES_ERROR;
				GCC_WARN_UNDECLARED_SELECTOR = YES;
				GCC_WARN_UNINITIALIZED_AUTOS = YES_AGGRESSIVE;
				GCC_WARN_UNUSED_FUNCTION = YES;
				GCC_WARN_UNUSED_VARIABLE = YES;
				IPHONEOS_DEPLOYMENT_TARGET = 17.0;
				LOCALIZATION_PREFERS_STRING_CATALOGS = YES;
				MTL_ENABLE_DEBUG_INFO = NO;
				MTL_FAST_MATH = YES;
				SDKROOT = iphoneos;
				SWIFT_COMPILATION_MODE = wholemodule;
				VALIDATE_PRODUCT = YES;
			};
			name = Release;
		};
		2297176D2BCE2F0D00BBC9F1 /* Debug */ = {
			isa = XCBuildConfiguration;
			buildSettings = {
				ASSETCATALOG_COMPILER_APPICON_NAME = AppIcon;
				ASSETCATALOG_COMPILER_GLOBAL_ACCENT_COLOR_NAME = AccentColor;
				CODE_SIGN_STYLE = Automatic;
				CURRENT_PROJECT_VERSION = 1;
				GENERATE_INFOPLIST_FILE = YES;
				INFOPLIST_FILE = IOSAssignment/Info.plist;
				INFOPLIST_KEY_UIApplicationSupportsIndirectInputEvents = YES;
				INFOPLIST_KEY_UILaunchStoryboardName = LaunchScreen;
				INFOPLIST_KEY_UIMainStoryboardFile = Main;
				INFOPLIST_KEY_UISupportedInterfaceOrientations_iPad = "UIInterfaceOrientationPortrait UIInterfaceOrientationPortraitUpsideDown UIInterfaceOrientationLandscapeLeft UIInterfaceOrientationLandscapeRight";
				INFOPLIST_KEY_UISupportedInterfaceOrientations_iPhone = "UIInterfaceOrientationPortrait UIInterfaceOrientationLandscapeLeft UIInterfaceOrientationLandscapeRight";
				LD_RUNPATH_SEARCH_PATHS = (
					"$(inherited)",
					"@executable_path/Frameworks",
				);
				MARKETING_VERSION = 1.0;
				PRODUCT_BUNDLE_IDENTIFIER = com.helloworld.IOSAssignment;
				PRODUCT_NAME = "$(TARGET_NAME)";
				SWIFT_EMIT_LOC_STRINGS = YES;
				SWIFT_VERSION = 5.0;
				TARGETED_DEVICE_FAMILY = "1,2";
			};
			name = Debug;
		};
		2297176E2BCE2F0D00BBC9F1 /* Release */ = {
			isa = XCBuildConfiguration;
			buildSettings = {
				ASSETCATALOG_COMPILER_APPICON_NAME = AppIcon;
				ASSETCATALOG_COMPILER_GLOBAL_ACCENT_COLOR_NAME = AccentColor;
				CODE_SIGN_STYLE = Automatic;
				CURRENT_PROJECT_VERSION = 1;
				GENERATE_INFOPLIST_FILE = YES;
				INFOPLIST_FILE = IOSAssignment/Info.plist;
				INFOPLIST_KEY_UIApplicationSupportsIndirectInputEvents = YES;
				INFOPLIST_KEY_UILaunchStoryboardName = LaunchScreen;
				INFOPLIST_KEY_UIMainStoryboardFile = Main;
				INFOPLIST_KEY_UISupportedInterfaceOrientations_iPad = "UIInterfaceOrientationPortrait UIInterfaceOrientationPortraitUpsideDown UIInterfaceOrientationLandscapeLeft UIInterfaceOrientationLandscapeRight";
				INFOPLIST_KEY_UISupportedInterfaceOrientations_iPhone = "UIInterfaceOrientationPortrait UIInterfaceOrientationLandscapeLeft UIInterfaceOrientationLandscapeRight";
				LD_RUNPATH_SEARCH_PATHS = (
					"$(inherited)",
					"@executable_path/Frameworks",
				);
				MARKETING_VERSION = 1.0;
				PRODUCT_BUNDLE_IDENTIFIER = com.helloworld.IOSAssignment;
				PRODUCT_NAME = "$(TARGET_NAME)";
				SWIFT_EMIT_LOC_STRINGS = YES;
				SWIFT_VERSION = 5.0;
				TARGETED_DEVICE_FAMILY = "1,2";
			};
			name = Release;
		};
		229717702BCE2F0D00BBC9F1 /* Debug */ = {
			isa = XCBuildConfiguration;
			buildSettings = {
				ALWAYS_EMBED_SWIFT_STANDARD_LIBRARIES = YES;
				BUNDLE_LOADER = "$(TEST_HOST)";
				CODE_SIGN_STYLE = Automatic;
				CURRENT_PROJECT_VERSION = 1;
				GENERATE_INFOPLIST_FILE = YES;
				IPHONEOS_DEPLOYMENT_TARGET = 17.0;
				MARKETING_VERSION = 1.0;
				PRODUCT_BUNDLE_IDENTIFIER = com.helloworld.IOSAssignmentTests;
				PRODUCT_NAME = "$(TARGET_NAME)";
				SWIFT_EMIT_LOC_STRINGS = NO;
				SWIFT_VERSION = 5.0;
				TARGETED_DEVICE_FAMILY = "1,2";
				TEST_HOST = "$(BUILT_PRODUCTS_DIR)/IOSAssignment.app/$(BUNDLE_EXECUTABLE_FOLDER_PATH)/IOSAssignment";
			};
			name = Debug;
		};
		229717712BCE2F0D00BBC9F1 /* Release */ = {
			isa = XCBuildConfiguration;
			buildSettings = {
				ALWAYS_EMBED_SWIFT_STANDARD_LIBRARIES = YES;
				BUNDLE_LOADER = "$(TEST_HOST)";
				CODE_SIGN_STYLE = Automatic;
				CURRENT_PROJECT_VERSION = 1;
				GENERATE_INFOPLIST_FILE = YES;
				IPHONEOS_DEPLOYMENT_TARGET = 17.0;
				MARKETING_VERSION = 1.0;
				PRODUCT_BUNDLE_IDENTIFIER = com.helloworld.IOSAssignmentTests;
				PRODUCT_NAME = "$(TARGET_NAME)";
				SWIFT_EMIT_LOC_STRINGS = NO;
				SWIFT_VERSION = 5.0;
				TARGETED_DEVICE_FAMILY = "1,2";
				TEST_HOST = "$(BUILT_PRODUCTS_DIR)/IOSAssignment.app/$(BUNDLE_EXECUTABLE_FOLDER_PATH)/IOSAssignment";
			};
			name = Release;
		};
		229717732BCE2F0D00BBC9F1 /* Debug */ = {
			isa = XCBuildConfiguration;
			buildSettings = {
				ALWAYS_EMBED_SWIFT_STANDARD_LIBRARIES = YES;
				CODE_SIGN_STYLE = Automatic;
				CURRENT_PROJECT_VERSION = 1;
				GENERATE_INFOPLIST_FILE = YES;
				MARKETING_VERSION = 1.0;
				PRODUCT_BUNDLE_IDENTIFIER = com.helloworld.IOSAssignmentUITests;
				PRODUCT_NAME = "$(TARGET_NAME)";
				SWIFT_EMIT_LOC_STRINGS = NO;
				SWIFT_VERSION = 5.0;
				TARGETED_DEVICE_FAMILY = "1,2";
				TEST_TARGET_NAME = IOSAssignment;
			};
			name = Debug;
		};
		229717742BCE2F0D00BBC9F1 /* Release */ = {
			isa = XCBuildConfiguration;
			buildSettings = {
				ALWAYS_EMBED_SWIFT_STANDARD_LIBRARIES = YES;
				CODE_SIGN_STYLE = Automatic;
				CURRENT_PROJECT_VERSION = 1;
				GENERATE_INFOPLIST_FILE = YES;
				MARKETING_VERSION = 1.0;
				PRODUCT_BUNDLE_IDENTIFIER = com.helloworld.IOSAssignmentUITests;
				PRODUCT_NAME = "$(TARGET_NAME)";
				SWIFT_EMIT_LOC_STRINGS = NO;
				SWIFT_VERSION = 5.0;
				TARGETED_DEVICE_FAMILY = "1,2";
				TEST_TARGET_NAME = IOSAssignment;
			};
			name = Release;
		};
/* End XCBuildConfiguration section */

/* Begin XCConfigurationList section */
		2297173A2BCE2F0C00BBC9F1 /* Build configuration list for PBXProject "IOSAssignment" */ = {
			isa = XCConfigurationList;
			buildConfigurations = (
				2297176A2BCE2F0D00BBC9F1 /* Debug */,
				2297176B2BCE2F0D00BBC9F1 /* Release */,
			);
			defaultConfigurationIsVisible = 0;
			defaultConfigurationName = Release;
		};
		2297176C2BCE2F0D00BBC9F1 /* Build configuration list for PBXNativeTarget "IOSAssignment" */ = {
			isa = XCConfigurationList;
			buildConfigurations = (
				2297176D2BCE2F0D00BBC9F1 /* Debug */,
				2297176E2BCE2F0D00BBC9F1 /* Release */,
			);
			defaultConfigurationIsVisible = 0;
			defaultConfigurationName = Release;
		};
		2297176F2BCE2F0D00BBC9F1 /* Build configuration list for PBXNativeTarget "IOSAssignmentTests" */ = {
			isa = XCConfigurationList;
			buildConfigurations = (
				229717702BCE2F0D00BBC9F1 /* Debug */,
				229717712BCE2F0D00BBC9F1 /* Release */,
			);
			defaultConfigurationIsVisible = 0;
			defaultConfigurationName = Release;
		};
		229717722BCE2F0D00BBC9F1 /* Build configuration list for PBXNativeTarget "IOSAssignmentUITests" */ = {
			isa = XCConfigurationList;
			buildConfigurations = (
				229717732BCE2F0D00BBC9F1 /* Debug */,
				229717742BCE2F0D00BBC9F1 /* Release */,
			);
			defaultConfigurationIsVisible = 0;
			defaultConfigurationName = Release;
		};
/* End XCConfigurationList section */

/* Begin XCVersionGroup section */
		2297174B2BCE2F0C00BBC9F1 /* IOSAssignment.xcdatamodeld */ = {
			isa = XCVersionGroup;
			children = (
				2297174C2BCE2F0C00BBC9F1 /* IOSAssignment.xcdatamodel */,
			);
			currentVersion = 2297174C2BCE2F0C00BBC9F1 /* IOSAssignment.xcdatamodel */;
			path = IOSAssignment.xcdatamodeld;
			sourceTree = "<group>";
			versionGroupType = wrapper.xcdatamodel;
		};
/* End XCVersionGroup section */
	};
	rootObject = 229717372BCE2F0C00BBC9F1 /* Project object */;
}
